# This file is autogenerated, do not edit; changes may be undone by the next 'dep ensure'.


[[projects]]
  branch = "master"
  name = "github.com/beorn7/perks"
  packages = ["quantile"]
  revision = "4c0e84591b9aa9e6dcfdf3e020114cd81f89d5f9"

[[projects]]
  branch = "fixshutdown"
  name = "github.com/bgentry/que-go"
  packages = ["."]
  revision = "decd7cabcfb7e5ae1a547cf0257b2fc63e634331"
  source = "github.com/govau/que-go"

[[projects]]
  name = "github.com/cloudfoundry-community/go-cfenv"
  packages = ["."]
  revision = "f920e9562d5f951cbf11785728f67258c38a10d0"
  version = "v1.17.0"

[[projects]]
  name = "github.com/gogo/protobuf"
  packages = ["proto"]
  revision = "1adfc126b41513cc696b209667c8656ea7aac67c"
  version = "v1.0.0"

[[projects]]
  name = "github.com/golang/protobuf"
  packages = [
    "proto",
    "ptypes",
    "ptypes/any",
    "ptypes/duration",
    "ptypes/timestamp"
  ]
  revision = "925541529c1fa6821df4e44ce2723319eb2be768"
  version = "v1.0.0"

[[projects]]
  branch = "master"
  name = "github.com/google/certificate-transparency-go"
  packages = [
    ".",
    "asn1",
    "client",
    "client/configpb",
    "jsonclient",
    "tls",
    "x509",
    "x509/pkix"
  ]
  revision = "686d1c84287487373dd38c9faaf05aa79acacf26"

[[projects]]
  name = "github.com/jackc/pgx"
  packages = [
    ".",
    "chunkreader",
    "internal/sanitize",
    "pgio",
    "pgproto3",
    "pgtype"
  ]
  revision = "da3231b0b66e2e74cdb779f1d46c5e958ba8be27"
  version = "v3.1.0"

[[projects]]
  name = "github.com/matttproud/golang_protobuf_extensions"
  packages = ["pbutil"]
  revision = "3247c84500bff8d9fb6d579d800f20b3e091582c"
  version = "v1.0.0"

[[projects]]
  branch = "master"
  name = "github.com/mitchellh/mapstructure"
  packages = ["."]
  revision = "a4e142e9c047c904fa2f1e144d9a84e6133024bc"

[[projects]]
  name = "github.com/pkg/errors"
  packages = ["."]
  revision = "645ef00459ed84a119197bfb8d8205042c6df63d"
  version = "v0.8.0"

[[projects]]
  name = "github.com/prometheus/client_golang"
  packages = [
    "prometheus",
    "prometheus/promhttp"
  ]
  revision = "c5b7fccd204277076155f10851dad72b76a49317"
  version = "v0.8.0"

[[projects]]
  branch = "master"
  name = "github.com/prometheus/client_model"
  packages = ["go"]
  revision = "99fa1f4be8e564e8a6b613da7fa6f46c9edafc6c"

[[projects]]
  branch = "master"
  name = "github.com/prometheus/common"
  packages = [
    "expfmt",
    "internal/bitbucket.org/ww/goautoneg",
    "model"
  ]
  revision = "89604d197083d4781071d3c65855d24ecfb0a563"

[[projects]]
  branch = "master"
  name = "github.com/prometheus/procfs"
  packages = [
    ".",
    "internal/util",
    "nfs",
    "xfs"
  ]
  revision = "282c8707aa210456a825798969cc27edda34992a"

[[projects]]
  branch = "master"
  name = "golang.org/x/crypto"
  packages = [
    "cryptobyte",
    "cryptobyte/asn1"
  ]
  revision = "650f4a345ab4e5b245a3034b110ebc7299e68186"

[[projects]]
  branch = "master"
  name = "golang.org/x/net"
  packages = [
    "context",
    "context/ctxhttp"
  ]
  revision = "dc948dff8834a7fe1ca525f8d04e261c2b56e70d"

[solve-meta]
  analyzer-name = "dep"
  analyzer-version = 1
  inputs-digest = "ebfdd507b75d22ffcc0b39515e3c9c16de42d4becbf7c453a5fee9526b732671"
  solver-name = "gps-cdcl"
  solver-version = 1
